
Microsoft Visual Studio Solution File, Format Version 12.00
# Visual Studio Version 16
VisualStudioVersion = 16.0.30621.155
MinimumVisualStudioVersion = 15.0.26124.0
Project("{9A19103F-16F7-4668-BE54-9A1E7A4F7556}") = "M2.Utils", "M2.Utils\M2.Utils.csproj", "{68F7B592-62CA-4F05-A1F4-56DB91F2360C}"
EndProject
Project("{9A19103F-16F7-4668-BE54-9A1E7A4F7556}") = "M2.Utils.Test", "M2.Utils.Test\M2.Utils.Test.csproj", "{54448674-4FBC-40EE-B983-1C49A57BC622}"
EndProject
Global
	GlobalSection(SolutionConfigurationPlatforms) = preSolution
		Debug|Any CPU = Debug|Any CPU
		Debug|x64 = Debug|x64
		Debug|x86 = Debug|x86
		Release|Any CPU = Release|Any CPU
		Release|x64 = Release|x64
		Release|x86 = Release|x86
	EndGlobalSection
	GlobalSection(ProjectConfigurationPlatforms) = postSolution
		{68F7B592-62CA-4F05-A1F4-56DB91F2360C}.Debug|Any CPU.ActiveCfg = Debug|Any CPU
		{68F7B592-62CA-4F05-A1F4-56DB91F2360C}.Debug|Any CPU.Build.0 = Debug|Any CPU
		{68F7B592-62CA-4F05-A1F4-56DB91F2360C}.Debug|x64.ActiveCfg = Debug|Any CPU
		{68F7B592-62CA-4F05-A1F4-56DB91F2360C}.Debug|x64.Build.0 = Debug|Any CPU
		{68F7B592-62CA-4F05-A1F4-56DB91F2360C}.Debug|x86.ActiveCfg = Debug|Any CPU
		{68F7B592-62CA-4F05-A1F4-56DB91F2360C}.Debug|x86.Build.0 = Debug|Any CPU
		{68F7B592-62CA-4F05-A1F4-56DB91F2360C}.Release|Any CPU.ActiveCfg = Release|Any CPU
		{68F7B592-62CA-4F05-A1F4-56DB91F2360C}.Release|Any CPU.Build.0 = Release|Any CPU
		{68F7B592-62CA-4F05-A1F4-56DB91F2360C}.Release|x64.ActiveCfg = Release|Any CPU
		{68F7B592-62CA-4F05-A1F4-56DB91F2360C}.Release|x64.Build.0 = Release|Any CPU
		{68F7B592-62CA-4F05-A1F4-56DB91F2360C}.Release|x86.ActiveCfg = Release|Any CPU
		{68F7B592-62CA-4F05-A1F4-56DB91F2360C}.Release|x86.Build.0 = Release|Any CPU
		{54448674-4FBC-40EE-B983-1C49A57BC622}.Debug|Any CPU.ActiveCfg = Debug|Any CPU
		{54448674-4FBC-40EE-B983-1C49A57BC622}.Debug|Any CPU.Build.0 = Debug|Any CPU
		{54448674-4FBC-40EE-B983-1C49A57BC622}.Debug|x64.ActiveCfg = Debug|Any CPU
		{54448674-4FBC-40EE-B983-1C49A57BC622}.Debug|x64.Build.0 = Debug|Any CPU
		{54448674-4FBC-40EE-B983-1C49A57BC622}.Debug|x86.ActiveCfg = Debug|Any CPU
		{54448674-4FBC-40EE-B983-1C49A57BC622}.Debug|x86.Build.0 = Debug|Any CPU
		{54448674-4FBC-40EE-B983-1C49A57BC622}.Release|Any CPU.ActiveCfg = Release|Any CPU
		{54448674-4FBC-40EE-B983-1C49A57BC622}.Release|Any CPU.Build.0 = Release|Any CPU
		{54448674-4FBC-40EE-B983-1C49A57BC622}.Release|x64.ActiveCfg = Release|Any CPU
		{54448674-4FBC-40EE-B983-1C49A57BC622}.Release|x64.Build.0 = Release|Any CPU
		{54448674-4FBC-40EE-B983-1C49A57BC622}.Release|x86.ActiveCfg = Release|Any CPU
		{54448674-4FBC-40EE-B983-1C49A57BC622}.Release|x86.Build.0 = Release|Any CPU
	EndGlobalSection
	GlobalSection(SolutionProperties) = preSolution
		HideSolutionNode = FALSE
	EndGlobalSection
	GlobalSection(ExtensibilityGlobals) = postSolution
		SolutionGuid = {3E5D40CE-ADD0-42CA-9303-E556477DFA65}
	EndGlobalSection
EndGlobal
